{
  "name": "@jeremyroman99/npm-packages",
  "version": "6.0.9",
  "lockfileVersion": 2,
  "requires": true,
  "packages": {
    "": {
      "name": "@jeremyroman99/npm-packages",
      "version": "6.0.9",
      "license": "ISC",
      "dependencies": {
        "@jeremyroman99/npm-packages": "^6.0.9"
      }
    },
    "node_modules/@jeremyroman99/npm-packages": {
      "version": "6.0.9",
      "resolved": "https://registry.npmjs.org/@jeremyroman99/npm-packages/-/npm-packages-6.0.9.tgz",
      "integrity": "sha512-52Lp9iwF4hes8Y6ImLHuI0TsIwUYnFE0GHkNtQF+2luP3P9PIkkCuLh5+tDPkVrfxyv1kQVAYtnUOQVwLk68Hg=="
    }
  },
  "dependencies": {
    "@jeremyroman99/npm-packages": {
      "version": "6.0.9",
      "resolved": "https://registry.npmjs.org/@jeremyroman99/npm-packages/-/npm-packages-6.0.9.tgz",
      "integrity": "sha512-52Lp9iwF4hes8Y6ImLHuI0TsIwUYnFE0GHkNtQF+2luP3P9PIkkCuLh5+tDPkVrfxyv1kQVAYtnUOQVwLk68Hg=="
    }
  }
}
